# This file is autogenerated, do not edit; changes may be undone by the next 'dep ensure'.


[[projects]]
  branch = "master"
  name = "github.com/jmoiron/sqlx"
  packages = [
    ".",
    "reflectx"
  ]
  revision = "cf35089a197953c69420c8d0cecda90809764b1d"

[[projects]]
  branch = "master"
  name = "github.com/lib/pq"
  packages = [
    ".",
    "oid"
  ]
  revision = "d34b9ff171c21ad295489235aec8b6626023cd04"

[[projects]]
  branch = "master"
  name = "golang.org/x/crypto"
  packages = [
    "bcrypt",
    "blowfish"
  ]
  revision = "f70185d77e8278766928032ee1355e3da47e7181"

[solve-meta]
  analyzer-name = "dep"
  analyzer-version = 1
  inputs-digest = "be621d04778efc1ab8af8401d6837332dbe38dae912879f1434fe193f3ab9aa1"
  solver-name = "gps-cdcl"
  solver-version = 1
